
Microsoft Visual Studio Solution File, Format Version 12.00
# Visual Studio Version 16
VisualStudioVersion = 16.0.31729.503
MinimumVisualStudioVersion = 10.0.40219.1
Project("{8BC9CEB8-8B4A-11D0-8D11-00A0C91BC942}") = "백준-알고리즘", "백준-알고리즘\백준-알고리즘.vcxproj", "{7CE51439-AB1D-4558-B0BD-7BBBD50F74BF}"
EndProject
Project("{8BC9CEB8-8B4A-11D0-8D11-00A0C91BC942}") = "2208(220207)", "..\2208(220207)\2208(220207)\2208(220207).vcxproj", "{B774FD46-3E01-4DAE-8DE7-9C01B72FE255}"
EndProject
Project("{8BC9CEB8-8B4A-11D0-8D11-00A0C91BC942}") = "7568(220204)", "..\7568(220204)\7568(220204)\7568(220204).vcxproj", "{D87517AB-2700-4C66-900C-658616C871F6}"
EndProject
Project("{8BC9CEB8-8B4A-11D0-8D11-00A0C91BC942}") = "2503(220206)", "..\2503(220206)\2503(220206)\2503(220206).vcxproj", "{AD10DA72-3A71-4790-93EA-6A55A1985062}"
EndProject
Project("{8BC9CEB8-8B4A-11D0-8D11-00A0C91BC942}") = "1002(220203", "..\1002\백준\백준.vcxproj", "{2AC4466A-4864-4721-815C-82818398E895}"
EndProject
Project("{8BC9CEB8-8B4A-11D0-8D11-00A0C91BC942}") = "1931(220306)", "..\1931(220306,c++)\1931.vcxproj", "{4649DB41-E20B-4007-976E-79B81952C577}"
EndProject
Project("{8BC9CEB8-8B4A-11D0-8D11-00A0C91BC942}") = "10989(220308)", "..\10989(220308)\10989.vcxproj", "{E91437C8-384F-420E-9B00-960A5F2288F6}"
EndProject
Project("{8BC9CEB8-8B4A-11D0-8D11-00A0C91BC942}") = "1012", "..\1012\1012.vcxproj", "{29D7CD52-907B-44D6-8130-754DE4238CF6}"
EndProject
Project("{8BC9CEB8-8B4A-11D0-8D11-00A0C91BC942}") = "1018", "..\1018\1018.vcxproj", "{319C761E-130E-4B62-A09D-F4E3A4970904}"
EndProject
Project("{8BC9CEB8-8B4A-11D0-8D11-00A0C91BC942}") = "2606", "..\2606\2606.vcxproj", "{14EC0BEE-B27C-4DF4-AF50-A91777F7007C}"
EndProject
Project("{8BC9CEB8-8B4A-11D0-8D11-00A0C91BC942}") = "1110(220313)", "..\1110(220313,C++)\1110(220313).vcxproj", "{2FCD3DD7-2E97-46EC-B9A7-6BF392FDAA31}"
EndProject
Project("{8BC9CEB8-8B4A-11D0-8D11-00A0C91BC942}") = "1157(220313)", "..\1157(220313)\1157(220313).vcxproj", "{98BBEB79-0CED-4B2B-9A53-FD00488FD805}"
EndProject
Project("{8BC9CEB8-8B4A-11D0-8D11-00A0C91BC942}") = "1072(220314)", "..\1072(220314)\1072(220314).vcxproj", "{284B5695-D340-4460-A388-24E7D1774AB9}"
EndProject
Project("{8BC9CEB8-8B4A-11D0-8D11-00A0C91BC942}") = "7576", "..\7576\7576.vcxproj", "{0FAD402C-1F13-471A-BC5C-CA2E8C52AE50}"
EndProject
Project("{8BC9CEB8-8B4A-11D0-8D11-00A0C91BC942}") = "11399", "..\11399\11399.vcxproj", "{A3A26D6F-FD58-405A-A771-F59C6F3E9554}"
EndProject
Project("{8BC9CEB8-8B4A-11D0-8D11-00A0C91BC942}") = "1260", "..\1260\1260.vcxproj", "{43832E80-DBCB-44C9-AB7F-FD155004BD8B}"
EndProject
Project("{8BC9CEB8-8B4A-11D0-8D11-00A0C91BC942}") = "14601", "..\14601\14601.vcxproj", "{4C2C627F-FA91-4C37-A225-CD82828395AD}"
EndProject
Project("{8BC9CEB8-8B4A-11D0-8D11-00A0C91BC942}") = "14600", "..\14600\14600.vcxproj", "{A4D930DE-0392-4BC6-A3D9-20AD1D4F7EBC}"
EndProject
Project("{8BC9CEB8-8B4A-11D0-8D11-00A0C91BC942}") = "2178", "..\2178\2178.vcxproj", "{AD1F0631-ECAD-40DF-9C7D-AB9A2BF5D834}"
EndProject
Project("{8BC9CEB8-8B4A-11D0-8D11-00A0C91BC942}") = "4963", "..\4963\4963.vcxproj", "{A3D71605-2D2E-41CA-B84C-7E9D1D093955}"
EndProject
Project("{8BC9CEB8-8B4A-11D0-8D11-00A0C91BC942}") = "14501", "..\14501\14501.vcxproj", "{A70A5E91-1BE6-4CB6-AB23-93A9A37F38D7}"
EndProject
Project("{8BC9CEB8-8B4A-11D0-8D11-00A0C91BC942}") = "2839(설탕배달)", "..\2839(설탕배달)\2839(설탕배달).vcxproj", "{BEFEA960-04CB-478F-B98B-4C765D7A3EE1}"
EndProject
Project("{8BC9CEB8-8B4A-11D0-8D11-00A0C91BC942}") = "DP", "..\DP\DP.vcxproj", "{2C63AFB8-BA21-4B44-AED2-45DD8A7E9B7F}"
EndProject
Project("{8BC9CEB8-8B4A-11D0-8D11-00A0C91BC942}") = "Tree", "..\Tree\Tree.vcxproj", "{6C8A9C29-A7CD-456A-AE08-4B01D2AA51ED}"
EndProject
Project("{8BC9CEB8-8B4A-11D0-8D11-00A0C91BC942}") = "1038", "..\..\..\백준알고리즘\1038\1038.vcxproj", "{304D0A4C-1427-4334-B94B-58AC6B88E901}"
EndProject
Project("{8BC9CEB8-8B4A-11D0-8D11-00A0C91BC942}") = "1052", "..\1052\1052.vcxproj", "{F9ABC4B3-F94B-42A5-96FC-2750AA48E062}"
EndProject
Project("{8BC9CEB8-8B4A-11D0-8D11-00A0C91BC942}") = "Greedy", "..\Greedy\Greedy.vcxproj", "{9622D0E2-EAC6-4557-9E47-46E134306C71}"
EndProject
Project("{8BC9CEB8-8B4A-11D0-8D11-00A0C91BC942}") = "2667", "..\2667\2667.vcxproj", "{8B708B43-2F23-4F05-8D90-C165FFC901E2}"
EndProject
Project("{8BC9CEB8-8B4A-11D0-8D11-00A0C91BC942}") = "1051", "..\1051\1051.vcxproj", "{3876ED3D-7F5B-442F-9690-8A8B5B950AFB}"
EndProject
Project("{8BC9CEB8-8B4A-11D0-8D11-00A0C91BC942}") = "Programmers", "..\Programmers\Programmers.vcxproj", "{2CCB90A1-2105-4AF7-8A1B-A51552D15250}"
EndProject
Project("{8BC9CEB8-8B4A-11D0-8D11-00A0C91BC942}") = "1037", "..\1037\1037.vcxproj", "{E9F929E0-04D9-4FF1-BC0C-5B7300932CC4}"
EndProject
Project("{8BC9CEB8-8B4A-11D0-8D11-00A0C91BC942}") = "1978", "..\1978\1978.vcxproj", "{BD7EF982-CB93-45FE-A99E-105F7C1257C8}"
EndProject
Project("{8BC9CEB8-8B4A-11D0-8D11-00A0C91BC942}") = "1929", "..\1929\1929.vcxproj", "{5784873E-F51D-46D6-9217-80BD1BAFBE86}"
EndProject
Project("{8BC9CEB8-8B4A-11D0-8D11-00A0C91BC942}") = "7450", "..\7450\7450.vcxproj", "{57251A3E-9CE0-4915-8EB6-B03C77E031D2}"
EndProject
Project("{8BC9CEB8-8B4A-11D0-8D11-00A0C91BC942}") = "16563", "..\16563\16563.vcxproj", "{408645A3-6ACF-4524-88B5-BC4B2D54AEC9}"
EndProject
Project("{8BC9CEB8-8B4A-11D0-8D11-00A0C91BC942}") = "1057", "..\1057\1057.vcxproj", "{ACBD7A6E-BC24-42A1-A3C3-E17586DFAECD}"
EndProject
Project("{8BC9CEB8-8B4A-11D0-8D11-00A0C91BC942}") = "1059", "..\1059\1059.vcxproj", "{B0DEA3A8-EC5D-4EF8-B9F3-8D09233877F0}"
EndProject
Project("{8BC9CEB8-8B4A-11D0-8D11-00A0C91BC942}") = "1063", "..\1063\1063.vcxproj", "{78E87F77-0D07-4355-9036-6129909648EA}"
EndProject
Project("{8BC9CEB8-8B4A-11D0-8D11-00A0C91BC942}") = "9935", "..\9935\9935.vcxproj", "{5DD665D0-56F1-47A0-9561-ECE871356681}"
EndProject
Global
	GlobalSection(SolutionConfigurationPlatforms) = preSolution
		Debug|x64 = Debug|x64
		Debug|x86 = Debug|x86
		Release|x64 = Release|x64
		Release|x86 = Release|x86
	EndGlobalSection
	GlobalSection(ProjectConfigurationPlatforms) = postSolution
		{7CE51439-AB1D-4558-B0BD-7BBBD50F74BF}.Debug|x64.ActiveCfg = Debug|x64
		{7CE51439-AB1D-4558-B0BD-7BBBD50F74BF}.Debug|x64.Build.0 = Debug|x64
		{7CE51439-AB1D-4558-B0BD-7BBBD50F74BF}.Debug|x86.ActiveCfg = Debug|Win32
		{7CE51439-AB1D-4558-B0BD-7BBBD50F74BF}.Debug|x86.Build.0 = Debug|Win32
		{7CE51439-AB1D-4558-B0BD-7BBBD50F74BF}.Release|x64.ActiveCfg = Release|x64
		{7CE51439-AB1D-4558-B0BD-7BBBD50F74BF}.Release|x64.Build.0 = Release|x64
		{7CE51439-AB1D-4558-B0BD-7BBBD50F74BF}.Release|x86.ActiveCfg = Release|Win32
		{7CE51439-AB1D-4558-B0BD-7BBBD50F74BF}.Release|x86.Build.0 = Release|Win32
		{B774FD46-3E01-4DAE-8DE7-9C01B72FE255}.Debug|x64.ActiveCfg = Debug|x64
		{B774FD46-3E01-4DAE-8DE7-9C01B72FE255}.Debug|x64.Build.0 = Debug|x64
		{B774FD46-3E01-4DAE-8DE7-9C01B72FE255}.Debug|x86.ActiveCfg = Debug|Win32
		{B774FD46-3E01-4DAE-8DE7-9C01B72FE255}.Debug|x86.Build.0 = Debug|Win32
		{B774FD46-3E01-4DAE-8DE7-9C01B72FE255}.Release|x64.ActiveCfg = Release|x64
		{B774FD46-3E01-4DAE-8DE7-9C01B72FE255}.Release|x64.Build.0 = Release|x64
		{B774FD46-3E01-4DAE-8DE7-9C01B72FE255}.Release|x86.ActiveCfg = Release|Win32
		{B774FD46-3E01-4DAE-8DE7-9C01B72FE255}.Release|x86.Build.0 = Release|Win32
		{D87517AB-2700-4C66-900C-658616C871F6}.Debug|x64.ActiveCfg = Debug|x64
		{D87517AB-2700-4C66-900C-658616C871F6}.Debug|x64.Build.0 = Debug|x64
		{D87517AB-2700-4C66-900C-658616C871F6}.Debug|x86.ActiveCfg = Debug|Win32
		{D87517AB-2700-4C66-900C-658616C871F6}.Debug|x86.Build.0 = Debug|Win32
		{D87517AB-2700-4C66-900C-658616C871F6}.Release|x64.ActiveCfg = Release|x64
		{D87517AB-2700-4C66-900C-658616C871F6}.Release|x64.Build.0 = Release|x64
		{D87517AB-2700-4C66-900C-658616C871F6}.Release|x86.ActiveCfg = Release|Win32
		{D87517AB-2700-4C66-900C-658616C871F6}.Release|x86.Build.0 = Release|Win32
		{AD10DA72-3A71-4790-93EA-6A55A1985062}.Debug|x64.ActiveCfg = Debug|x64
		{AD10DA72-3A71-4790-93EA-6A55A1985062}.Debug|x64.Build.0 = Debug|x64
		{AD10DA72-3A71-4790-93EA-6A55A1985062}.Debug|x86.ActiveCfg = Debug|Win32
		{AD10DA72-3A71-4790-93EA-6A55A1985062}.Debug|x86.Build.0 = Debug|Win32
		{AD10DA72-3A71-4790-93EA-6A55A1985062}.Release|x64.ActiveCfg = Release|x64
		{AD10DA72-3A71-4790-93EA-6A55A1985062}.Release|x64.Build.0 = Release|x64
		{AD10DA72-3A71-4790-93EA-6A55A1985062}.Release|x86.ActiveCfg = Release|Win32
		{AD10DA72-3A71-4790-93EA-6A55A1985062}.Release|x86.Build.0 = Release|Win32
		{2AC4466A-4864-4721-815C-82818398E895}.Debug|x64.ActiveCfg = Debug|x64
		{2AC4466A-4864-4721-815C-82818398E895}.Debug|x64.Build.0 = Debug|x64
		{2AC4466A-4864-4721-815C-82818398E895}.Debug|x86.ActiveCfg = Debug|Win32
		{2AC4466A-4864-4721-815C-82818398E895}.Debug|x86.Build.0 = Debug|Win32
		{2AC4466A-4864-4721-815C-82818398E895}.Release|x64.ActiveCfg = Release|x64
		{2AC4466A-4864-4721-815C-82818398E895}.Release|x64.Build.0 = Release|x64
		{2AC4466A-4864-4721-815C-82818398E895}.Release|x86.ActiveCfg = Release|Win32
		{2AC4466A-4864-4721-815C-82818398E895}.Release|x86.Build.0 = Release|Win32
		{4649DB41-E20B-4007-976E-79B81952C577}.Debug|x64.ActiveCfg = Debug|x64
		{4649DB41-E20B-4007-976E-79B81952C577}.Debug|x64.Build.0 = Debug|x64
		{4649DB41-E20B-4007-976E-79B81952C577}.Debug|x86.ActiveCfg = Debug|Win32
		{4649DB41-E20B-4007-976E-79B81952C577}.Debug|x86.Build.0 = Debug|Win32
		{4649DB41-E20B-4007-976E-79B81952C577}.Release|x64.ActiveCfg = Release|x64
		{4649DB41-E20B-4007-976E-79B81952C577}.Release|x64.Build.0 = Release|x64
		{4649DB41-E20B-4007-976E-79B81952C577}.Release|x86.ActiveCfg = Release|Win32
		{4649DB41-E20B-4007-976E-79B81952C577}.Release|x86.Build.0 = Release|Win32
		{E91437C8-384F-420E-9B00-960A5F2288F6}.Debug|x64.ActiveCfg = Debug|x64
		{E91437C8-384F-420E-9B00-960A5F2288F6}.Debug|x64.Build.0 = Debug|x64
		{E91437C8-384F-420E-9B00-960A5F2288F6}.Debug|x86.ActiveCfg = Debug|Win32
		{E91437C8-384F-420E-9B00-960A5F2288F6}.Debug|x86.Build.0 = Debug|Win32
		{E91437C8-384F-420E-9B00-960A5F2288F6}.Release|x64.ActiveCfg = Release|x64
		{E91437C8-384F-420E-9B00-960A5F2288F6}.Release|x64.Build.0 = Release|x64
		{E91437C8-384F-420E-9B00-960A5F2288F6}.Release|x86.ActiveCfg = Release|Win32
		{E91437C8-384F-420E-9B00-960A5F2288F6}.Release|x86.Build.0 = Release|Win32
		{29D7CD52-907B-44D6-8130-754DE4238CF6}.Debug|x64.ActiveCfg = Debug|x64
		{29D7CD52-907B-44D6-8130-754DE4238CF6}.Debug|x64.Build.0 = Debug|x64
		{29D7CD52-907B-44D6-8130-754DE4238CF6}.Debug|x86.ActiveCfg = Debug|Win32
		{29D7CD52-907B-44D6-8130-754DE4238CF6}.Debug|x86.Build.0 = Debug|Win32
		{29D7CD52-907B-44D6-8130-754DE4238CF6}.Release|x64.ActiveCfg = Release|x64
		{29D7CD52-907B-44D6-8130-754DE4238CF6}.Release|x64.Build.0 = Release|x64
		{29D7CD52-907B-44D6-8130-754DE4238CF6}.Release|x86.ActiveCfg = Release|Win32
		{29D7CD52-907B-44D6-8130-754DE4238CF6}.Release|x86.Build.0 = Release|Win32
		{319C761E-130E-4B62-A09D-F4E3A4970904}.Debug|x64.ActiveCfg = Debug|x64
		{319C761E-130E-4B62-A09D-F4E3A4970904}.Debug|x64.Build.0 = Debug|x64
		{319C761E-130E-4B62-A09D-F4E3A4970904}.Debug|x86.ActiveCfg = Debug|Win32
		{319C761E-130E-4B62-A09D-F4E3A4970904}.Debug|x86.Build.0 = Debug|Win32
		{319C761E-130E-4B62-A09D-F4E3A4970904}.Release|x64.ActiveCfg = Release|x64
		{319C761E-130E-4B62-A09D-F4E3A4970904}.Release|x64.Build.0 = Release|x64
		{319C761E-130E-4B62-A09D-F4E3A4970904}.Release|x86.ActiveCfg = Release|Win32
		{319C761E-130E-4B62-A09D-F4E3A4970904}.Release|x86.Build.0 = Release|Win32
		{14EC0BEE-B27C-4DF4-AF50-A91777F7007C}.Debug|x64.ActiveCfg = Debug|x64
		{14EC0BEE-B27C-4DF4-AF50-A91777F7007C}.Debug|x64.Build.0 = Debug|x64
		{14EC0BEE-B27C-4DF4-AF50-A91777F7007C}.Debug|x86.ActiveCfg = Debug|Win32
		{14EC0BEE-B27C-4DF4-AF50-A91777F7007C}.Debug|x86.Build.0 = Debug|Win32
		{14EC0BEE-B27C-4DF4-AF50-A91777F7007C}.Release|x64.ActiveCfg = Release|x64
		{14EC0BEE-B27C-4DF4-AF50-A91777F7007C}.Release|x64.Build.0 = Release|x64
		{14EC0BEE-B27C-4DF4-AF50-A91777F7007C}.Release|x86.ActiveCfg = Release|Win32
		{14EC0BEE-B27C-4DF4-AF50-A91777F7007C}.Release|x86.Build.0 = Release|Win32
		{2FCD3DD7-2E97-46EC-B9A7-6BF392FDAA31}.Debug|x64.ActiveCfg = Debug|x64
		{2FCD3DD7-2E97-46EC-B9A7-6BF392FDAA31}.Debug|x64.Build.0 = Debug|x64
		{2FCD3DD7-2E97-46EC-B9A7-6BF392FDAA31}.Debug|x86.ActiveCfg = Debug|Win32
		{2FCD3DD7-2E97-46EC-B9A7-6BF392FDAA31}.Debug|x86.Build.0 = Debug|Win32
		{2FCD3DD7-2E97-46EC-B9A7-6BF392FDAA31}.Release|x64.ActiveCfg = Release|x64
		{2FCD3DD7-2E97-46EC-B9A7-6BF392FDAA31}.Release|x64.Build.0 = Release|x64
		{2FCD3DD7-2E97-46EC-B9A7-6BF392FDAA31}.Release|x86.ActiveCfg = Release|Win32
		{2FCD3DD7-2E97-46EC-B9A7-6BF392FDAA31}.Release|x86.Build.0 = Release|Win32
		{98BBEB79-0CED-4B2B-9A53-FD00488FD805}.Debug|x64.ActiveCfg = Debug|x64
		{98BBEB79-0CED-4B2B-9A53-FD00488FD805}.Debug|x64.Build.0 = Debug|x64
		{98BBEB79-0CED-4B2B-9A53-FD00488FD805}.Debug|x86.ActiveCfg = Debug|Win32
		{98BBEB79-0CED-4B2B-9A53-FD00488FD805}.Debug|x86.Build.0 = Debug|Win32
		{98BBEB79-0CED-4B2B-9A53-FD00488FD805}.Release|x64.ActiveCfg = Release|x64
		{98BBEB79-0CED-4B2B-9A53-FD00488FD805}.Release|x64.Build.0 = Release|x64
		{98BBEB79-0CED-4B2B-9A53-FD00488FD805}.Release|x86.ActiveCfg = Release|Win32
		{98BBEB79-0CED-4B2B-9A53-FD00488FD805}.Release|x86.Build.0 = Release|Win32
		{284B5695-D340-4460-A388-24E7D1774AB9}.Debug|x64.ActiveCfg = Debug|x64
		{284B5695-D340-4460-A388-24E7D1774AB9}.Debug|x64.Build.0 = Debug|x64
		{284B5695-D340-4460-A388-24E7D1774AB9}.Debug|x86.ActiveCfg = Debug|Win32
		{284B5695-D340-4460-A388-24E7D1774AB9}.Debug|x86.Build.0 = Debug|Win32
		{284B5695-D340-4460-A388-24E7D1774AB9}.Release|x64.ActiveCfg = Release|x64
		{284B5695-D340-4460-A388-24E7D1774AB9}.Release|x64.Build.0 = Release|x64
		{284B5695-D340-4460-A388-24E7D1774AB9}.Release|x86.ActiveCfg = Release|Win32
		{284B5695-D340-4460-A388-24E7D1774AB9}.Release|x86.Build.0 = Release|Win32
		{0FAD402C-1F13-471A-BC5C-CA2E8C52AE50}.Debug|x64.ActiveCfg = Debug|x64
		{0FAD402C-1F13-471A-BC5C-CA2E8C52AE50}.Debug|x64.Build.0 = Debug|x64
		{0FAD402C-1F13-471A-BC5C-CA2E8C52AE50}.Debug|x86.ActiveCfg = Debug|Win32
		{0FAD402C-1F13-471A-BC5C-CA2E8C52AE50}.Debug|x86.Build.0 = Debug|Win32
		{0FAD402C-1F13-471A-BC5C-CA2E8C52AE50}.Release|x64.ActiveCfg = Release|x64
		{0FAD402C-1F13-471A-BC5C-CA2E8C52AE50}.Release|x64.Build.0 = Release|x64
		{0FAD402C-1F13-471A-BC5C-CA2E8C52AE50}.Release|x86.ActiveCfg = Release|Win32
		{0FAD402C-1F13-471A-BC5C-CA2E8C52AE50}.Release|x86.Build.0 = Release|Win32
		{A3A26D6F-FD58-405A-A771-F59C6F3E9554}.Debug|x64.ActiveCfg = Debug|x64
		{A3A26D6F-FD58-405A-A771-F59C6F3E9554}.Debug|x64.Build.0 = Debug|x64
		{A3A26D6F-FD58-405A-A771-F59C6F3E9554}.Debug|x86.ActiveCfg = Debug|Win32
		{A3A26D6F-FD58-405A-A771-F59C6F3E9554}.Debug|x86.Build.0 = Debug|Win32
		{A3A26D6F-FD58-405A-A771-F59C6F3E9554}.Release|x64.ActiveCfg = Release|x64
		{A3A26D6F-FD58-405A-A771-F59C6F3E9554}.Release|x64.Build.0 = Release|x64
		{A3A26D6F-FD58-405A-A771-F59C6F3E9554}.Release|x86.ActiveCfg = Release|Win32
		{A3A26D6F-FD58-405A-A771-F59C6F3E9554}.Release|x86.Build.0 = Release|Win32
		{43832E80-DBCB-44C9-AB7F-FD155004BD8B}.Debug|x64.ActiveCfg = Debug|x64
		{43832E80-DBCB-44C9-AB7F-FD155004BD8B}.Debug|x64.Build.0 = Debug|x64
		{43832E80-DBCB-44C9-AB7F-FD155004BD8B}.Debug|x86.ActiveCfg = Debug|Win32
		{43832E80-DBCB-44C9-AB7F-FD155004BD8B}.Debug|x86.Build.0 = Debug|Win32
		{43832E80-DBCB-44C9-AB7F-FD155004BD8B}.Release|x64.ActiveCfg = Release|x64
		{43832E80-DBCB-44C9-AB7F-FD155004BD8B}.Release|x64.Build.0 = Release|x64
		{43832E80-DBCB-44C9-AB7F-FD155004BD8B}.Release|x86.ActiveCfg = Release|Win32
		{43832E80-DBCB-44C9-AB7F-FD155004BD8B}.Release|x86.Build.0 = Release|Win32
		{4C2C627F-FA91-4C37-A225-CD82828395AD}.Debug|x64.ActiveCfg = Debug|x64
		{4C2C627F-FA91-4C37-A225-CD82828395AD}.Debug|x64.Build.0 = Debug|x64
		{4C2C627F-FA91-4C37-A225-CD82828395AD}.Debug|x86.ActiveCfg = Debug|Win32
		{4C2C627F-FA91-4C37-A225-CD82828395AD}.Debug|x86.Build.0 = Debug|Win32
		{4C2C627F-FA91-4C37-A225-CD82828395AD}.Release|x64.ActiveCfg = Release|x64
		{4C2C627F-FA91-4C37-A225-CD82828395AD}.Release|x64.Build.0 = Release|x64
		{4C2C627F-FA91-4C37-A225-CD82828395AD}.Release|x86.ActiveCfg = Release|Win32
		{4C2C627F-FA91-4C37-A225-CD82828395AD}.Release|x86.Build.0 = Release|Win32
		{A4D930DE-0392-4BC6-A3D9-20AD1D4F7EBC}.Debug|x64.ActiveCfg = Debug|x64
		{A4D930DE-0392-4BC6-A3D9-20AD1D4F7EBC}.Debug|x64.Build.0 = Debug|x64
		{A4D930DE-0392-4BC6-A3D9-20AD1D4F7EBC}.Debug|x86.ActiveCfg = Debug|Win32
		{A4D930DE-0392-4BC6-A3D9-20AD1D4F7EBC}.Debug|x86.Build.0 = Debug|Win32
		{A4D930DE-0392-4BC6-A3D9-20AD1D4F7EBC}.Release|x64.ActiveCfg = Release|x64
		{A4D930DE-0392-4BC6-A3D9-20AD1D4F7EBC}.Release|x64.Build.0 = Release|x64
		{A4D930DE-0392-4BC6-A3D9-20AD1D4F7EBC}.Release|x86.ActiveCfg = Release|Win32
		{A4D930DE-0392-4BC6-A3D9-20AD1D4F7EBC}.Release|x86.Build.0 = Release|Win32
		{AD1F0631-ECAD-40DF-9C7D-AB9A2BF5D834}.Debug|x64.ActiveCfg = Debug|x64
		{AD1F0631-ECAD-40DF-9C7D-AB9A2BF5D834}.Debug|x64.Build.0 = Debug|x64
		{AD1F0631-ECAD-40DF-9C7D-AB9A2BF5D834}.Debug|x86.ActiveCfg = Debug|Win32
		{AD1F0631-ECAD-40DF-9C7D-AB9A2BF5D834}.Debug|x86.Build.0 = Debug|Win32
		{AD1F0631-ECAD-40DF-9C7D-AB9A2BF5D834}.Release|x64.ActiveCfg = Release|x64
		{AD1F0631-ECAD-40DF-9C7D-AB9A2BF5D834}.Release|x64.Build.0 = Release|x64
		{AD1F0631-ECAD-40DF-9C7D-AB9A2BF5D834}.Release|x86.ActiveCfg = Release|Win32
		{AD1F0631-ECAD-40DF-9C7D-AB9A2BF5D834}.Release|x86.Build.0 = Release|Win32
		{A3D71605-2D2E-41CA-B84C-7E9D1D093955}.Debug|x64.ActiveCfg = Debug|x64
		{A3D71605-2D2E-41CA-B84C-7E9D1D093955}.Debug|x64.Build.0 = Debug|x64
		{A3D71605-2D2E-41CA-B84C-7E9D1D093955}.Debug|x86.ActiveCfg = Debug|Win32
		{A3D71605-2D2E-41CA-B84C-7E9D1D093955}.Debug|x86.Build.0 = Debug|Win32
		{A3D71605-2D2E-41CA-B84C-7E9D1D093955}.Release|x64.ActiveCfg = Release|x64
		{A3D71605-2D2E-41CA-B84C-7E9D1D093955}.Release|x64.Build.0 = Release|x64
		{A3D71605-2D2E-41CA-B84C-7E9D1D093955}.Release|x86.ActiveCfg = Release|Win32
		{A3D71605-2D2E-41CA-B84C-7E9D1D093955}.Release|x86.Build.0 = Release|Win32
		{A70A5E91-1BE6-4CB6-AB23-93A9A37F38D7}.Debug|x64.ActiveCfg = Debug|x64
		{A70A5E91-1BE6-4CB6-AB23-93A9A37F38D7}.Debug|x64.Build.0 = Debug|x64
		{A70A5E91-1BE6-4CB6-AB23-93A9A37F38D7}.Debug|x86.ActiveCfg = Debug|Win32
		{A70A5E91-1BE6-4CB6-AB23-93A9A37F38D7}.Debug|x86.Build.0 = Debug|Win32
		{A70A5E91-1BE6-4CB6-AB23-93A9A37F38D7}.Release|x64.ActiveCfg = Release|x64
		{A70A5E91-1BE6-4CB6-AB23-93A9A37F38D7}.Release|x64.Build.0 = Release|x64
		{A70A5E91-1BE6-4CB6-AB23-93A9A37F38D7}.Release|x86.ActiveCfg = Release|Win32
		{A70A5E91-1BE6-4CB6-AB23-93A9A37F38D7}.Release|x86.Build.0 = Release|Win32
		{BEFEA960-04CB-478F-B98B-4C765D7A3EE1}.Debug|x64.ActiveCfg = Debug|x64
		{BEFEA960-04CB-478F-B98B-4C765D7A3EE1}.Debug|x64.Build.0 = Debug|x64
		{BEFEA960-04CB-478F-B98B-4C765D7A3EE1}.Debug|x86.ActiveCfg = Debug|Win32
		{BEFEA960-04CB-478F-B98B-4C765D7A3EE1}.Debug|x86.Build.0 = Debug|Win32
		{BEFEA960-04CB-478F-B98B-4C765D7A3EE1}.Release|x64.ActiveCfg = Release|x64
		{BEFEA960-04CB-478F-B98B-4C765D7A3EE1}.Release|x64.Build.0 = Release|x64
		{BEFEA960-04CB-478F-B98B-4C765D7A3EE1}.Release|x86.ActiveCfg = Release|Win32
		{BEFEA960-04CB-478F-B98B-4C765D7A3EE1}.Release|x86.Build.0 = Release|Win32
		{2C63AFB8-BA21-4B44-AED2-45DD8A7E9B7F}.Debug|x64.ActiveCfg = Debug|x64
		{2C63AFB8-BA21-4B44-AED2-45DD8A7E9B7F}.Debug|x64.Build.0 = Debug|x64
		{2C63AFB8-BA21-4B44-AED2-45DD8A7E9B7F}.Debug|x86.ActiveCfg = Debug|Win32
		{2C63AFB8-BA21-4B44-AED2-45DD8A7E9B7F}.Debug|x86.Build.0 = Debug|Win32
		{2C63AFB8-BA21-4B44-AED2-45DD8A7E9B7F}.Release|x64.ActiveCfg = Release|x64
		{2C63AFB8-BA21-4B44-AED2-45DD8A7E9B7F}.Release|x64.Build.0 = Release|x64
		{2C63AFB8-BA21-4B44-AED2-45DD8A7E9B7F}.Release|x86.ActiveCfg = Release|Win32
		{2C63AFB8-BA21-4B44-AED2-45DD8A7E9B7F}.Release|x86.Build.0 = Release|Win32
		{6C8A9C29-A7CD-456A-AE08-4B01D2AA51ED}.Debug|x64.ActiveCfg = Debug|x64
		{6C8A9C29-A7CD-456A-AE08-4B01D2AA51ED}.Debug|x64.Build.0 = Debug|x64
		{6C8A9C29-A7CD-456A-AE08-4B01D2AA51ED}.Debug|x86.ActiveCfg = Debug|Win32
		{6C8A9C29-A7CD-456A-AE08-4B01D2AA51ED}.Debug|x86.Build.0 = Debug|Win32
		{6C8A9C29-A7CD-456A-AE08-4B01D2AA51ED}.Release|x64.ActiveCfg = Release|x64
		{6C8A9C29-A7CD-456A-AE08-4B01D2AA51ED}.Release|x64.Build.0 = Release|x64
		{6C8A9C29-A7CD-456A-AE08-4B01D2AA51ED}.Release|x86.ActiveCfg = Release|Win32
		{6C8A9C29-A7CD-456A-AE08-4B01D2AA51ED}.Release|x86.Build.0 = Release|Win32
		{304D0A4C-1427-4334-B94B-58AC6B88E901}.Debug|x64.ActiveCfg = Debug|x64
		{304D0A4C-1427-4334-B94B-58AC6B88E901}.Debug|x64.Build.0 = Debug|x64
		{304D0A4C-1427-4334-B94B-58AC6B88E901}.Debug|x86.ActiveCfg = Debug|Win32
		{304D0A4C-1427-4334-B94B-58AC6B88E901}.Debug|x86.Build.0 = Debug|Win32
		{304D0A4C-1427-4334-B94B-58AC6B88E901}.Release|x64.ActiveCfg = Release|x64
		{304D0A4C-1427-4334-B94B-58AC6B88E901}.Release|x64.Build.0 = Release|x64
		{304D0A4C-1427-4334-B94B-58AC6B88E901}.Release|x86.ActiveCfg = Release|Win32
		{304D0A4C-1427-4334-B94B-58AC6B88E901}.Release|x86.Build.0 = Release|Win32
		{F9ABC4B3-F94B-42A5-96FC-2750AA48E062}.Debug|x64.ActiveCfg = Debug|x64
		{F9ABC4B3-F94B-42A5-96FC-2750AA48E062}.Debug|x64.Build.0 = Debug|x64
		{F9ABC4B3-F94B-42A5-96FC-2750AA48E062}.Debug|x86.ActiveCfg = Debug|Win32
		{F9ABC4B3-F94B-42A5-96FC-2750AA48E062}.Debug|x86.Build.0 = Debug|Win32
		{F9ABC4B3-F94B-42A5-96FC-2750AA48E062}.Release|x64.ActiveCfg = Release|x64
		{F9ABC4B3-F94B-42A5-96FC-2750AA48E062}.Release|x64.Build.0 = Release|x64
		{F9ABC4B3-F94B-42A5-96FC-2750AA48E062}.Release|x86.ActiveCfg = Release|Win32
		{F9ABC4B3-F94B-42A5-96FC-2750AA48E062}.Release|x86.Build.0 = Release|Win32
		{9622D0E2-EAC6-4557-9E47-46E134306C71}.Debug|x64.ActiveCfg = Debug|x64
		{9622D0E2-EAC6-4557-9E47-46E134306C71}.Debug|x64.Build.0 = Debug|x64
		{9622D0E2-EAC6-4557-9E47-46E134306C71}.Debug|x86.ActiveCfg = Debug|Win32
		{9622D0E2-EAC6-4557-9E47-46E134306C71}.Debug|x86.Build.0 = Debug|Win32
		{9622D0E2-EAC6-4557-9E47-46E134306C71}.Release|x64.ActiveCfg = Release|x64
		{9622D0E2-EAC6-4557-9E47-46E134306C71}.Release|x64.Build.0 = Release|x64
		{9622D0E2-EAC6-4557-9E47-46E134306C71}.Release|x86.ActiveCfg = Release|Win32
		{9622D0E2-EAC6-4557-9E47-46E134306C71}.Release|x86.Build.0 = Release|Win32
		{8B708B43-2F23-4F05-8D90-C165FFC901E2}.Debug|x64.ActiveCfg = Debug|x64
		{8B708B43-2F23-4F05-8D90-C165FFC901E2}.Debug|x64.Build.0 = Debug|x64
		{8B708B43-2F23-4F05-8D90-C165FFC901E2}.Debug|x86.ActiveCfg = Debug|Win32
		{8B708B43-2F23-4F05-8D90-C165FFC901E2}.Debug|x86.Build.0 = Debug|Win32
		{8B708B43-2F23-4F05-8D90-C165FFC901E2}.Release|x64.ActiveCfg = Release|x64
		{8B708B43-2F23-4F05-8D90-C165FFC901E2}.Release|x64.Build.0 = Release|x64
		{8B708B43-2F23-4F05-8D90-C165FFC901E2}.Release|x86.ActiveCfg = Release|Win32
		{8B708B43-2F23-4F05-8D90-C165FFC901E2}.Release|x86.Build.0 = Release|Win32
		{3876ED3D-7F5B-442F-9690-8A8B5B950AFB}.Debug|x64.ActiveCfg = Debug|x64
		{3876ED3D-7F5B-442F-9690-8A8B5B950AFB}.Debug|x64.Build.0 = Debug|x64
		{3876ED3D-7F5B-442F-9690-8A8B5B950AFB}.Debug|x86.ActiveCfg = Debug|Win32
		{3876ED3D-7F5B-442F-9690-8A8B5B950AFB}.Debug|x86.Build.0 = Debug|Win32
		{3876ED3D-7F5B-442F-9690-8A8B5B950AFB}.Release|x64.ActiveCfg = Release|x64
		{3876ED3D-7F5B-442F-9690-8A8B5B950AFB}.Release|x64.Build.0 = Release|x64
		{3876ED3D-7F5B-442F-9690-8A8B5B950AFB}.Release|x86.ActiveCfg = Release|Win32
		{3876ED3D-7F5B-442F-9690-8A8B5B950AFB}.Release|x86.Build.0 = Release|Win32
		{2CCB90A1-2105-4AF7-8A1B-A51552D15250}.Debug|x64.ActiveCfg = Debug|x64
		{2CCB90A1-2105-4AF7-8A1B-A51552D15250}.Debug|x64.Build.0 = Debug|x64
		{2CCB90A1-2105-4AF7-8A1B-A51552D15250}.Debug|x86.ActiveCfg = Debug|Win32
		{2CCB90A1-2105-4AF7-8A1B-A51552D15250}.Debug|x86.Build.0 = Debug|Win32
		{2CCB90A1-2105-4AF7-8A1B-A51552D15250}.Release|x64.ActiveCfg = Release|x64
		{2CCB90A1-2105-4AF7-8A1B-A51552D15250}.Release|x64.Build.0 = Release|x64
		{2CCB90A1-2105-4AF7-8A1B-A51552D15250}.Release|x86.ActiveCfg = Release|Win32
		{2CCB90A1-2105-4AF7-8A1B-A51552D15250}.Release|x86.Build.0 = Release|Win32
		{E9F929E0-04D9-4FF1-BC0C-5B7300932CC4}.Debug|x64.ActiveCfg = Debug|x64
		{E9F929E0-04D9-4FF1-BC0C-5B7300932CC4}.Debug|x64.Build.0 = Debug|x64
		{E9F929E0-04D9-4FF1-BC0C-5B7300932CC4}.Debug|x86.ActiveCfg = Debug|Win32
		{E9F929E0-04D9-4FF1-BC0C-5B7300932CC4}.Debug|x86.Build.0 = Debug|Win32
		{E9F929E0-04D9-4FF1-BC0C-5B7300932CC4}.Release|x64.ActiveCfg = Release|x64
		{E9F929E0-04D9-4FF1-BC0C-5B7300932CC4}.Release|x64.Build.0 = Release|x64
		{E9F929E0-04D9-4FF1-BC0C-5B7300932CC4}.Release|x86.ActiveCfg = Release|Win32
		{E9F929E0-04D9-4FF1-BC0C-5B7300932CC4}.Release|x86.Build.0 = Release|Win32
		{BD7EF982-CB93-45FE-A99E-105F7C1257C8}.Debug|x64.ActiveCfg = Debug|x64
		{BD7EF982-CB93-45FE-A99E-105F7C1257C8}.Debug|x64.Build.0 = Debug|x64
		{BD7EF982-CB93-45FE-A99E-105F7C1257C8}.Debug|x86.ActiveCfg = Debug|Win32
		{BD7EF982-CB93-45FE-A99E-105F7C1257C8}.Debug|x86.Build.0 = Debug|Win32
		{BD7EF982-CB93-45FE-A99E-105F7C1257C8}.Release|x64.ActiveCfg = Release|x64
		{BD7EF982-CB93-45FE-A99E-105F7C1257C8}.Release|x64.Build.0 = Release|x64
		{BD7EF982-CB93-45FE-A99E-105F7C1257C8}.Release|x86.ActiveCfg = Release|Win32
		{BD7EF982-CB93-45FE-A99E-105F7C1257C8}.Release|x86.Build.0 = Release|Win32
		{5784873E-F51D-46D6-9217-80BD1BAFBE86}.Debug|x64.ActiveCfg = Debug|x64
		{5784873E-F51D-46D6-9217-80BD1BAFBE86}.Debug|x64.Build.0 = Debug|x64
		{5784873E-F51D-46D6-9217-80BD1BAFBE86}.Debug|x86.ActiveCfg = Debug|Win32
		{5784873E-F51D-46D6-9217-80BD1BAFBE86}.Debug|x86.Build.0 = Debug|Win32
		{5784873E-F51D-46D6-9217-80BD1BAFBE86}.Release|x64.ActiveCfg = Release|x64
		{5784873E-F51D-46D6-9217-80BD1BAFBE86}.Release|x64.Build.0 = Release|x64
		{5784873E-F51D-46D6-9217-80BD1BAFBE86}.Release|x86.ActiveCfg = Release|Win32
		{5784873E-F51D-46D6-9217-80BD1BAFBE86}.Release|x86.Build.0 = Release|Win32
		{57251A3E-9CE0-4915-8EB6-B03C77E031D2}.Debug|x64.ActiveCfg = Debug|x64
		{57251A3E-9CE0-4915-8EB6-B03C77E031D2}.Debug|x64.Build.0 = Debug|x64
		{57251A3E-9CE0-4915-8EB6-B03C77E031D2}.Debug|x86.ActiveCfg = Debug|Win32
		{57251A3E-9CE0-4915-8EB6-B03C77E031D2}.Debug|x86.Build.0 = Debug|Win32
		{57251A3E-9CE0-4915-8EB6-B03C77E031D2}.Release|x64.ActiveCfg = Release|x64
		{57251A3E-9CE0-4915-8EB6-B03C77E031D2}.Release|x64.Build.0 = Release|x64
		{57251A3E-9CE0-4915-8EB6-B03C77E031D2}.Release|x86.ActiveCfg = Release|Win32
		{57251A3E-9CE0-4915-8EB6-B03C77E031D2}.Release|x86.Build.0 = Release|Win32
		{408645A3-6ACF-4524-88B5-BC4B2D54AEC9}.Debug|x64.ActiveCfg = Debug|x64
		{408645A3-6ACF-4524-88B5-BC4B2D54AEC9}.Debug|x64.Build.0 = Debug|x64
		{408645A3-6ACF-4524-88B5-BC4B2D54AEC9}.Debug|x86.ActiveCfg = Debug|Win32
		{408645A3-6ACF-4524-88B5-BC4B2D54AEC9}.Debug|x86.Build.0 = Debug|Win32
		{408645A3-6ACF-4524-88B5-BC4B2D54AEC9}.Release|x64.ActiveCfg = Release|x64
		{408645A3-6ACF-4524-88B5-BC4B2D54AEC9}.Release|x64.Build.0 = Release|x64
		{408645A3-6ACF-4524-88B5-BC4B2D54AEC9}.Release|x86.ActiveCfg = Release|Win32
		{408645A3-6ACF-4524-88B5-BC4B2D54AEC9}.Release|x86.Build.0 = Release|Win32
		{ACBD7A6E-BC24-42A1-A3C3-E17586DFAECD}.Debug|x64.ActiveCfg = Debug|x64
		{ACBD7A6E-BC24-42A1-A3C3-E17586DFAECD}.Debug|x64.Build.0 = Debug|x64
		{ACBD7A6E-BC24-42A1-A3C3-E17586DFAECD}.Debug|x86.ActiveCfg = Debug|Win32
		{ACBD7A6E-BC24-42A1-A3C3-E17586DFAECD}.Debug|x86.Build.0 = Debug|Win32
		{ACBD7A6E-BC24-42A1-A3C3-E17586DFAECD}.Release|x64.ActiveCfg = Release|x64
		{ACBD7A6E-BC24-42A1-A3C3-E17586DFAECD}.Release|x64.Build.0 = Release|x64
		{ACBD7A6E-BC24-42A1-A3C3-E17586DFAECD}.Release|x86.ActiveCfg = Release|Win32
		{ACBD7A6E-BC24-42A1-A3C3-E17586DFAECD}.Release|x86.Build.0 = Release|Win32
		{B0DEA3A8-EC5D-4EF8-B9F3-8D09233877F0}.Debug|x64.ActiveCfg = Debug|x64
		{B0DEA3A8-EC5D-4EF8-B9F3-8D09233877F0}.Debug|x64.Build.0 = Debug|x64
		{B0DEA3A8-EC5D-4EF8-B9F3-8D09233877F0}.Debug|x86.ActiveCfg = Debug|Win32
		{B0DEA3A8-EC5D-4EF8-B9F3-8D09233877F0}.Debug|x86.Build.0 = Debug|Win32
		{B0DEA3A8-EC5D-4EF8-B9F3-8D09233877F0}.Release|x64.ActiveCfg = Release|x64
		{B0DEA3A8-EC5D-4EF8-B9F3-8D09233877F0}.Release|x64.Build.0 = Release|x64
		{B0DEA3A8-EC5D-4EF8-B9F3-8D09233877F0}.Release|x86.ActiveCfg = Release|Win32
		{B0DEA3A8-EC5D-4EF8-B9F3-8D09233877F0}.Release|x86.Build.0 = Release|Win32
		{78E87F77-0D07-4355-9036-6129909648EA}.Debug|x64.ActiveCfg = Debug|x64
		{78E87F77-0D07-4355-9036-6129909648EA}.Debug|x64.Build.0 = Debug|x64
		{78E87F77-0D07-4355-9036-6129909648EA}.Debug|x86.ActiveCfg = Debug|Win32
		{78E87F77-0D07-4355-9036-6129909648EA}.Debug|x86.Build.0 = Debug|Win32
		{78E87F77-0D07-4355-9036-6129909648EA}.Release|x64.ActiveCfg = Release|x64
		{78E87F77-0D07-4355-9036-6129909648EA}.Release|x64.Build.0 = Release|x64
		{78E87F77-0D07-4355-9036-6129909648EA}.Release|x86.ActiveCfg = Release|Win32
		{78E87F77-0D07-4355-9036-6129909648EA}.Release|x86.Build.0 = Release|Win32
		{5DD665D0-56F1-47A0-9561-ECE871356681}.Debug|x64.ActiveCfg = Debug|x64
		{5DD665D0-56F1-47A0-9561-ECE871356681}.Debug|x64.Build.0 = Debug|x64
		{5DD665D0-56F1-47A0-9561-ECE871356681}.Debug|x86.ActiveCfg = Debug|Win32
		{5DD665D0-56F1-47A0-9561-ECE871356681}.Debug|x86.Build.0 = Debug|Win32
		{5DD665D0-56F1-47A0-9561-ECE871356681}.Release|x64.ActiveCfg = Release|x64
		{5DD665D0-56F1-47A0-9561-ECE871356681}.Release|x64.Build.0 = Release|x64
		{5DD665D0-56F1-47A0-9561-ECE871356681}.Release|x86.ActiveCfg = Release|Win32
		{5DD665D0-56F1-47A0-9561-ECE871356681}.Release|x86.Build.0 = Release|Win32
	EndGlobalSection
	GlobalSection(SolutionProperties) = preSolution
		HideSolutionNode = FALSE
	EndGlobalSection
	GlobalSection(ExtensibilityGlobals) = postSolution
		SolutionGuid = {6C165ADB-BC17-4A8C-80D1-09BBE6891604}
	EndGlobalSection
EndGlobal
